// !$*UTF8*$!
{
	archiveVersion = 1;
	classes = {
	};
	objectVersion = 46;
	objects = {

/* Begin PBXBuildFile section */
		CC08A0F91CA3EC6E0015F799 /* main.m in Sources */ = {isa = PBXBuildFile; fileRef = CC08A0F81CA3EC6E0015F799 /* main.m */; };
		CC08A0FC1CA3EC6E0015F799 /* AppDelegate.m in Sources */ = {isa = PBXBuildFile; fileRef = CC08A0FB1CA3EC6E0015F799 /* AppDelegate.m */; };
		CC08A0FF1CA3EC6E0015F799 /* ViewController.m in Sources */ = {isa = PBXBuildFile; fileRef = CC08A0FE1CA3EC6E0015F799 /* ViewController.m */; };
		CC08A1021CA3EC6E0015F799 /* Main.storyboard in Resources */ = {isa = PBXBuildFile; fileRef = CC08A1001CA3EC6E0015F799 /* Main.storyboard */; };
		CC08A1041CA3EC6E0015F799 /* Assets.xcassets in Resources */ = {isa = PBXBuildFile; fileRef = CC08A1031CA3EC6E0015F799 /* Assets.xcassets */; };
		CC08A1071CA3EC6E0015F799 /* LaunchScreen.storyboard in Resources */ = {isa = PBXBuildFile; fileRef = CC08A1051CA3EC6E0015F799 /* LaunchScreen.storyboard */; };
		CC08A1101CA3EC760015F799 /* CoreTextView.m in Sources */ = {isa = PBXBuildFile; fileRef = CC08A10F1CA3EC760015F799 /* CoreTextView.m */; };
/* End PBXBuildFile section */

/* Begin PBXFileReference section */
		CC08A0F41CA3EC6E0015F799 /* ApplyingAParagraphStyle.app */ = {isa = PBXFileReference; explicitFileType = wrapper.application; includeInIndex = 0; path = ApplyingAParagraphStyle.app; sourceTree = BUILT_PRODUCTS_DIR; };
		CC08A0F81CA3EC6E0015F799 /* main.m */ = {isa = PBXFileReference; lastKnownFileType = sourcecode.c.objc; path = main.m; sourceTree = "<group>"; };
		CC08A0FA1CA3EC6E0015F799 /* AppDelegate.h */ = {isa = PBXFileReference; lastKnownFileType = sourcecode.c.h; path = AppDelegate.h; sourceTree = "<group>"; };
		CC08A0FB1CA3EC6E0015F799 /* AppDelegate.m */ = {isa = PBXFileReference; lastKnownFileType = sourcecode.c.objc; path = AppDelegate.m; sourceTree = "<group>"; };
		CC08A0FD1CA3EC6E0015F799 /* ViewController.h */ = {isa = PBXFileReference; lastKnownFileType = sourcecode.c.h; path = ViewController.h; sourceTree = "<group>"; };
		CC08A0FE1CA3EC6E0015F799 /* ViewController.m */ = {isa = PBXFileReference; lastKnownFileType = sourcecode.c.objc; path = ViewController.m; sourceTree = "<group>"; };
		CC08A1011CA3EC6E0015F799 /* Base */ = {isa = PBXFileReference; lastKnownFileType = file.storyboard; name = Base; path = Base.lproj/Main.storyboard; sourceTree = "<group>"; };
		CC08A1031CA3EC6E0015F799 /* Assets.xcassets */ = {isa = PBXFileReference; lastKnownFileType = folder.assetcatalog; path = Assets.xcassets; sourceTree = "<group>"; };
		CC08A1061CA3EC6E0015F799 /* Base */ = {isa = PBXFileReference; lastKnownFileType = file.storyboard; name = Base; path = Base.lproj/LaunchScreen.storyboard; sourceTree = "<group>"; };
		CC08A1081CA3EC6E0015F799 /* Info.plist */ = {isa = PBXFileReference; lastKnownFileType = text.plist.xml; path = Info.plist; sourceTree = "<group>"; };
		CC08A10E1CA3EC760015F799 /* CoreTextView.h */ = {isa = PBXFileReference; fileEncoding = 4; lastKnownFileType = sourcecode.c.h; path = CoreTextView.h; sourceTree = "<group>"; };
		CC08A10F1CA3EC760015F799 /* CoreTextView.m */ = {isa = PBXFileReference; fileEncoding = 4; lastKnownFileType = sourcecode.c.objc; path = CoreTextView.m; sourceTree = "<group>"; };
/* End PBXFileReference section */

/* Begin PBXFrameworksBuildPhase section */
		CC08A0F11CA3EC6E0015F799 /* Frameworks */ = {
			isa = PBXFrameworksBuildPhase;
			buildActionMask = 2147483647;
			files = (
			);
			runOnlyForDeploymentPostprocessing = 0;
		};
/* End PBXFrameworksBuildPhase section */

/* Begin PBXGroup section */
		CC08A0EB1CA3EC6E0015F799 = {
			isa = PBXGroup;
			children = (
				CC08A0F61CA3EC6E0015F799 /* ApplyingAParagraphStyle */,
				CC08A0F51CA3EC6E0015F799 /* Products */,
			);
			sourceTree = "<group>";
		};
		CC08A0F51CA3EC6E0015F799 /* Products */ = {
			isa = PBXGroup;
			children = (
				CC08A0F41CA3EC6E0015F799 /* ApplyingAParagraphStyle.app */,
			);
			name = Products;
			sourceTree = "<group>";
		};
		CC08A0F61CA3EC6E0015F799 /* ApplyingAParagraphStyle */ = {
			isa = PBXGroup;
			children = (
				CC08A0FA1CA3EC6E0015F799 /* AppDelegate.h */,
				CC08A0FB1CA3EC6E0015F799 /* AppDelegate.m */,
				CC08A0FD1CA3EC6E0015F799 /* ViewController.h */,
				CC08A0FE1CA3EC6E0015F799 /* ViewController.m */,
				CC08A10E1CA3EC760015F799 /* CoreTextView.h */,
				CC08A10F1CA3EC760015F799 /* CoreTextView.m */,
				CC08A1001CA3EC6E0015F799 /* Main.storyboard */,
				CC08A1031CA3EC6E0015F799 /* Assets.xcassets */,
				CC08A1051CA3EC6E0015F799 /* LaunchScreen.storyboard */,
				CC08A1081CA3EC6E0015F799 /* Info.plist */,
				CC08A0F71CA3EC6E0015F799 /* Supporting Files */,
			);
			path = ApplyingAParagraphStyle;
			sourceTree = "<group>";
		};
		CC08A0F71CA3EC6E0015F799 /* Supporting Files */ = {
			isa = PBXGroup;
			children = (
				CC08A0F81CA3EC6E0015F799 /* main.m */,
			);
			name = "Supporting Files";
			sourceTree = "<group>";
		};
/* End PBXGroup section */

/* Begin PBXNativeTarget section */
		CC08A0F31CA3EC6E0015F799 /* ApplyingAParagraphStyle */ = {
			isa = PBXNativeTarget;
			buildConfigurationList = CC08A10B1CA3EC6E0015F799 /* Build configuration list for PBXNativeTarget "ApplyingAParagraphStyle" */;
			buildPhases = (
				CC08A0F01CA3EC6E0015F799 /* Sources */,
				CC08A0F11CA3EC6E0015F799 /* Frameworks */,
				CC08A0F21CA3EC6E0015F799 /* Resources */,
			);
			buildRules = (
			);
			dependencies = (
			);
			name = ApplyingAParagraphStyle;
			productName = ApplyingAParagraphStyle;
			productReference = CC08A0F41CA3EC6E0015F799 /* ApplyingAParagraphStyle.app */;
			productType = "com.apple.product-type.application";
		};
/* End PBXNativeTarget section */

/* Begin PBXProject section */
		CC08A0EC1CA3EC6E0015F799 /* Project object */ = {
			isa = PBXProject;
			attributes = {
				LastUpgradeCheck = 0730;
				ORGANIZATIONNAME = yanmingjun;
				TargetAttributes = {
					CC08A0F31CA3EC6E0015F799 = {
						CreatedOnToolsVersion = 7.3;
					};
				};
			};
			buildConfigurationList = CC08A0EF1CA3EC6E0015F799 /* Build configuration list for PBXProject "ApplyingAParagraphStyle" */;
			compatibilityVersion = "Xcode 3.2";
			developmentRegion = English;
			hasScannedForEncodings = 0;
			knownRegions = (
				en,
				Base,
			);
			mainGroup = CC08A0EB1CA3EC6E0015F799;
			productRefGroup = CC08A0F51CA3EC6E0015F799 /* Products */;
			projectDirPath = "";
			projectRoot = "";
			targets = (
				CC08A0F31CA3EC6E0015F799 /* ApplyingAParagraphStyle */,
			);
		};
/* End PBXProject section */

/* Begin PBXResourcesBuildPhase section */
		CC08A0F21CA3EC6E0015F799 /* Resources */ = {
			isa = PBXResourcesBuildPhase;
			buildActionMask = 2147483647;
			files = (
				CC08A1071CA3EC6E0015F799 /* LaunchScreen.storyboard in Resources */,
				CC08A1041CA3EC6E0015F799 /* Assets.xcassets in Resources */,
				CC08A1021CA3EC6E0015F799 /* Main.storyboard in Resources */,
			);
			runOnlyForDeploymentPostprocessing = 0;
		};
/* End PBXResourcesBuildPhase section */

/* Begin PBXSourcesBuildPhase section */
		CC08A0F01CA3EC6E0015F799 /* Sources */ = {
			isa = PBXSourcesBuildPhase;
			buildActionMask = 2147483647;
			files = (
				CC08A0FF1CA3EC6E0015F799 /* ViewController.m in Sources */,
				CC08A0FC1CA3EC6E0015F799 /* AppDelegate.m in Sources */,
				CC08A1101CA3EC760015F799 /* CoreTextView.m in Sources */,
				CC08A0F91CA3EC6E0015F799 /* main.m in Sources */,
			);
			runOnlyForDeploymentPostprocessing = 0;
		};
/* End PBXSourcesBuildPhase section */

/* Begin PBXVariantGroup section */
		CC08A1001CA3EC6E0015F799 /* Main.storyboard */ = {
			isa = PBXVariantGroup;
			children = (
				CC08A1011CA3EC6E0015F799 /* Base */,
			);
			name = Main.storyboard;
			sourceTree = "<group>";
		};
		CC08A1051CA3EC6E0015F799 /* LaunchScreen.storyboard */ = {
			isa = PBXVariantGroup;
			children = (
				CC08A1061CA3EC6E0015F799 /* Base */,
			);
			name = LaunchScreen.storyboard;
			sourceTree = "<group>";
		};
/* End PBXVariantGroup section */

/* Begin XCBuildConfiguration section */
		CC08A1091CA3EC6E0015F799 /* Debug */ = {
			isa = XCBuildConfiguration;
			buildSettings = {
				ALWAYS_SEARCH_USER_PATHS = NO;
				CLANG_ANALYZER_NONNULL = YES;
				CLANG_CXX_LANGUAGE_STANDARD = "gnu++0x";
				CLANG_CXX_LIBRARY = "libc++";
				CLANG_ENABLE_MODULES = YES;
				CLANG_ENABLE_OBJC_ARC = YES;
				CLANG_WARN_BOOL_CONVERSION = YES;
				CLANG_WARN_CONSTANT_CONVERSION = YES;
				CLANG_WARN_DIRECT_OBJC_ISA_USAGE = YES_ERROR;
				CLANG_WARN_EMPTY_BODY = YES;
				CLANG_WARN_ENUM_CONVERSION = YES;
				CLANG_WARN_INT_CONVERSION = YES;
				CLANG_WARN_OBJC_ROOT_CLASS = YES_ERROR;
				CLANG_WARN_UNREACHABLE_CODE = YES;
				CLANG_WARN__DUPLICATE_METHOD_MATCH = YES;
				"CODE_SIGN_IDENTITY[sdk=iphoneos*]" = "iPhone Developer";
				COPY_PHASE_STRIP = NO;
				DEBUG_INFORMATION_FORMAT = dwarf;
				ENABLE_STRICT_OBJC_MSGSEND = YES;
				ENABLE_TESTABILITY = YES;
				GCC_C_LANGUAGE_STANDARD = gnu99;
				GCC_DYNAMIC_NO_PIC = NO;
				GCC_NO_COMMON_BLOCKS = YES;
				GCC_OPTIMIZATION_LEVEL = 0;
				GCC_PREPROCESSOR_DEFINITIONS = (
					"DEBUG=1",
					"$(inherited)",
				);
				GCC_WARN_64_TO_32_BIT_CONVERSION = YES;
				GCC_WARN_ABOUT_RETURN_TYPE = YES_ERROR;
				GCC_WARN_UNDECLARED_SELECTOR = YES;
				GCC_WARN_UNINITIALIZED_AUTOS = YES_AGGRESSIVE;
				GCC_WARN_UNUSED_FUNCTION = YES;
				GCC_WARN_UNUSED_VARIABLE = YES;
				IPHONEOS_DEPLOYMENT_TARGET = 9.3;
				MTL_ENABLE_DEBUG_INFO = YES;
				ONLY_ACTIVE_ARCH = YES;
				SDKROOT = iphoneos;
				TARGETED_DEVICE_FAMILY = "1,2";
			};
			name = Debug;
		};
		CC08A10A1CA3EC6E0015F799 /* Release */ = {
			isa = XCBuildConfiguration;
			buildSettings = {
				ALWAYS_SEARCH_USER_PATHS = NO;
				CLANG_ANALYZER_NONNULL = YES;
				CLANG_CXX_LANGUAGE_STANDARD = "gnu++0x";
				CLANG_CXX_LIBRARY = "libc++";
				CLANG_ENABLE_MODULES = YES;
				CLANG_ENABLE_OBJC_ARC = YES;
				CLANG_WARN_BOOL_CONVERSION = YES;
				CLANG_WARN_CONSTANT_CONVERSION = YES;
				CLANG_WARN_DIRECT_OBJC_ISA_USAGE = YES_ERROR;
				CLANG_WARN_EMPTY_BODY = YES;
				CLANG_WARN_ENUM_CONVERSION = YES;
				CLANG_WARN_INT_CONVERSION = YES;
				CLANG_WARN_OBJC_ROOT_CLASS = YES_ERROR;
				CLANG_WARN_UNREACHABLE_CODE = YES;
				CLANG_WARN__DUPLICATE_METHOD_MATCH = YES;
				"CODE_SIGN_IDENTITY[sdk=iphoneos*]" = "iPhone Developer";
				COPY_PHASE_STRIP = NO;
				DEBUG_INFORMATION_FORMAT = "dwarf-with-dsym";
				ENABLE_NS_ASSERTIONS = NO;
				ENABLE_STRICT_OBJC_MSGSEND = YES;
				GCC_C_LANGUAGE_STANDARD = gnu99;
				GCC_NO_COMMON_BLOCKS = YES;
				GCC_WARN_64_TO_32_BIT_CONVERSION = YES;
				GCC_WARN_ABOUT_RETURN_TYPE = YES_ERROR;
				GCC_WARN_UNDECLARED_SELECTOR = YES;
				GCC_WARN_UNINITIALIZED_AUTOS = YES_AGGRESSIVE;
				GCC_WARN_UNUSED_FUNCTION = YES;
				GCC_WARN_UNUSED_VARIABLE = YES;
				IPHONEOS_DEPLOYMENT_TARGET = 9.3;
				MTL_ENABLE_DEBUG_INFO = NO;
				SDKROOT = iphoneos;
				TARGETED_DEVICE_FAMILY = "1,2";
				VALIDATE_PRODUCT = YES;
			};
			name = Release;
		};
		CC08A10C1CA3EC6E0015F799 /* Debug */ = {
			isa = XCBuildConfiguration;
			buildSettings = {
				ASSETCATALOG_COMPILER_APPICON_NAME = AppIcon;
				INFOPLIST_FILE = ApplyingAParagraphStyle/Info.plist;
				LD_RUNPATH_SEARCH_PATHS = "$(inherited) @executable_path/Frameworks";
				PRODUCT_BUNDLE_IDENTIFIER = com.youloft.ApplyingAParagraphStyle;
				PRODUCT_NAME = "$(TARGET_NAME)";
			};
			name = Debug;
		};
		CC08A10D1CA3EC6E0015F799 /* Release */ = {
			isa = XCBuildConfiguration;
			buildSettings = {
				ASSETCATALOG_COMPILER_APPICON_NAME = AppIcon;
				INFOPLIST_FILE = ApplyingAParagraphStyle/Info.plist;
				LD_RUNPATH_SEARCH_PATHS = "$(inherited) @executable_path/Frameworks";
				PRODUCT_BUNDLE_IDENTIFIER = com.youloft.ApplyingAParagraphStyle;
				PRODUCT_NAME = "$(TARGET_NAME)";
			};
			name = Release;
		};
/* End XCBuildConfiguration section */

/* Begin XCConfigurationList section */
		CC08A0EF1CA3EC6E0015F799 /* Build configuration list for PBXProject "ApplyingAParagraphStyle" */ = {
			isa = XCConfigurationList;
			buildConfigurations = (
				CC08A1091CA3EC6E0015F799 /* Debug */,
				CC08A10A1CA3EC6E0015F799 /* Release */,
			);
			defaultConfigurationIsVisible = 0;
			defaultConfigurationName = Release;
		};
		CC08A10B1CA3EC6E0015F799 /* Build configuration list for PBXNativeTarget "ApplyingAParagraphStyle" */ = {
			isa = XCConfigurationList;
			buildConfigurations = (
				CC08A10C1CA3EC6E0015F799 /* Debug */,
				CC08A10D1CA3EC6E0015F799 /* Release */,
			);
			defaultConfigurationIsVisible = 0;
		};
/* End XCConfigurationList section */
	};
	rootObject = CC08A0EC1CA3EC6E0015F799 /* Project object */;
}
