// !$*UTF8*$!
{
	archiveVersion = 1;
	classes = {
	};
	objectVersion = 46;
	objects = {

/* Begin PBXBuildFile section */
		CCE44A551CA2CFCB001D9389 /* main.m in Sources */ = {isa = PBXBuildFile; fileRef = CCE44A541CA2CFCB001D9389 /* main.m */; };
		CCE44A581CA2CFCB001D9389 /* AppDelegate.m in Sources */ = {isa = PBXBuildFile; fileRef = CCE44A571CA2CFCB001D9389 /* AppDelegate.m */; };
		CCE44A5B1CA2CFCB001D9389 /* ViewController.m in Sources */ = {isa = PBXBuildFile; fileRef = CCE44A5A1CA2CFCB001D9389 /* ViewController.m */; };
		CCE44A5E1CA2CFCB001D9389 /* Main.storyboard in Resources */ = {isa = PBXBuildFile; fileRef = CCE44A5C1CA2CFCB001D9389 /* Main.storyboard */; };
		CCE44A601CA2CFCB001D9389 /* Assets.xcassets in Resources */ = {isa = PBXBuildFile; fileRef = CCE44A5F1CA2CFCB001D9389 /* Assets.xcassets */; };
		CCE44A631CA2CFCB001D9389 /* LaunchScreen.storyboard in Resources */ = {isa = PBXBuildFile; fileRef = CCE44A611CA2CFCB001D9389 /* LaunchScreen.storyboard */; };
		CCE44A6C1CA2CFDA001D9389 /* CoreTextView.m in Sources */ = {isa = PBXBuildFile; fileRef = CCE44A6B1CA2CFDA001D9389 /* CoreTextView.m */; };
/* End PBXBuildFile section */

/* Begin PBXFileReference section */
		CCE44A501CA2CFCA001D9389 /* LayingOutaParagraph.app */ = {isa = PBXFileReference; explicitFileType = wrapper.application; includeInIndex = 0; path = LayingOutaParagraph.app; sourceTree = BUILT_PRODUCTS_DIR; };
		CCE44A541CA2CFCB001D9389 /* main.m */ = {isa = PBXFileReference; lastKnownFileType = sourcecode.c.objc; path = main.m; sourceTree = "<group>"; };
		CCE44A561CA2CFCB001D9389 /* AppDelegate.h */ = {isa = PBXFileReference; lastKnownFileType = sourcecode.c.h; path = AppDelegate.h; sourceTree = "<group>"; };
		CCE44A571CA2CFCB001D9389 /* AppDelegate.m */ = {isa = PBXFileReference; lastKnownFileType = sourcecode.c.objc; path = AppDelegate.m; sourceTree = "<group>"; };
		CCE44A591CA2CFCB001D9389 /* ViewController.h */ = {isa = PBXFileReference; lastKnownFileType = sourcecode.c.h; path = ViewController.h; sourceTree = "<group>"; };
		CCE44A5A1CA2CFCB001D9389 /* ViewController.m */ = {isa = PBXFileReference; lastKnownFileType = sourcecode.c.objc; path = ViewController.m; sourceTree = "<group>"; };
		CCE44A5D1CA2CFCB001D9389 /* Base */ = {isa = PBXFileReference; lastKnownFileType = file.storyboard; name = Base; path = Base.lproj/Main.storyboard; sourceTree = "<group>"; };
		CCE44A5F1CA2CFCB001D9389 /* Assets.xcassets */ = {isa = PBXFileReference; lastKnownFileType = folder.assetcatalog; path = Assets.xcassets; sourceTree = "<group>"; };
		CCE44A621CA2CFCB001D9389 /* Base */ = {isa = PBXFileReference; lastKnownFileType = file.storyboard; name = Base; path = Base.lproj/LaunchScreen.storyboard; sourceTree = "<group>"; };
		CCE44A641CA2CFCB001D9389 /* Info.plist */ = {isa = PBXFileReference; lastKnownFileType = text.plist.xml; path = Info.plist; sourceTree = "<group>"; };
		CCE44A6A1CA2CFDA001D9389 /* CoreTextView.h */ = {isa = PBXFileReference; fileEncoding = 4; lastKnownFileType = sourcecode.c.h; path = CoreTextView.h; sourceTree = "<group>"; };
		CCE44A6B1CA2CFDA001D9389 /* CoreTextView.m */ = {isa = PBXFileReference; fileEncoding = 4; lastKnownFileType = sourcecode.c.objc; path = CoreTextView.m; sourceTree = "<group>"; };
/* End PBXFileReference section */

/* Begin PBXFrameworksBuildPhase section */
		CCE44A4D1CA2CFCA001D9389 /* Frameworks */ = {
			isa = PBXFrameworksBuildPhase;
			buildActionMask = 2147483647;
			files = (
			);
			runOnlyForDeploymentPostprocessing = 0;
		};
/* End PBXFrameworksBuildPhase section */

/* Begin PBXGroup section */
		CCE44A471CA2CFCA001D9389 = {
			isa = PBXGroup;
			children = (
				CCE44A521CA2CFCB001D9389 /* LayingOutaParagraph */,
				CCE44A511CA2CFCA001D9389 /* Products */,
			);
			sourceTree = "<group>";
		};
		CCE44A511CA2CFCA001D9389 /* Products */ = {
			isa = PBXGroup;
			children = (
				CCE44A501CA2CFCA001D9389 /* LayingOutaParagraph.app */,
			);
			name = Products;
			sourceTree = "<group>";
		};
		CCE44A521CA2CFCB001D9389 /* LayingOutaParagraph */ = {
			isa = PBXGroup;
			children = (
				CCE44A561CA2CFCB001D9389 /* AppDelegate.h */,
				CCE44A571CA2CFCB001D9389 /* AppDelegate.m */,
				CCE44A591CA2CFCB001D9389 /* ViewController.h */,
				CCE44A5A1CA2CFCB001D9389 /* ViewController.m */,
				CCE44A6A1CA2CFDA001D9389 /* CoreTextView.h */,
				CCE44A6B1CA2CFDA001D9389 /* CoreTextView.m */,
				CCE44A5C1CA2CFCB001D9389 /* Main.storyboard */,
				CCE44A5F1CA2CFCB001D9389 /* Assets.xcassets */,
				CCE44A611CA2CFCB001D9389 /* LaunchScreen.storyboard */,
				CCE44A641CA2CFCB001D9389 /* Info.plist */,
				CCE44A531CA2CFCB001D9389 /* Supporting Files */,
			);
			path = LayingOutaParagraph;
			sourceTree = "<group>";
		};
		CCE44A531CA2CFCB001D9389 /* Supporting Files */ = {
			isa = PBXGroup;
			children = (
				CCE44A541CA2CFCB001D9389 /* main.m */,
			);
			name = "Supporting Files";
			sourceTree = "<group>";
		};
/* End PBXGroup section */

/* Begin PBXNativeTarget section */
		CCE44A4F1CA2CFCA001D9389 /* LayingOutaParagraph */ = {
			isa = PBXNativeTarget;
			buildConfigurationList = CCE44A671CA2CFCB001D9389 /* Build configuration list for PBXNativeTarget "LayingOutaParagraph" */;
			buildPhases = (
				CCE44A4C1CA2CFCA001D9389 /* Sources */,
				CCE44A4D1CA2CFCA001D9389 /* Frameworks */,
				CCE44A4E1CA2CFCA001D9389 /* Resources */,
			);
			buildRules = (
			);
			dependencies = (
			);
			name = LayingOutaParagraph;
			productName = LayingOutaParagraph;
			productReference = CCE44A501CA2CFCA001D9389 /* LayingOutaParagraph.app */;
			productType = "com.apple.product-type.application";
		};
/* End PBXNativeTarget section */

/* Begin PBXProject section */
		CCE44A481CA2CFCA001D9389 /* Project object */ = {
			isa = PBXProject;
			attributes = {
				LastUpgradeCheck = 0720;
				ORGANIZATIONNAME = youloft;
				TargetAttributes = {
					CCE44A4F1CA2CFCA001D9389 = {
						CreatedOnToolsVersion = 7.2.1;
					};
				};
			};
			buildConfigurationList = CCE44A4B1CA2CFCA001D9389 /* Build configuration list for PBXProject "LayingOutaParagraph" */;
			compatibilityVersion = "Xcode 3.2";
			developmentRegion = English;
			hasScannedForEncodings = 0;
			knownRegions = (
				en,
				Base,
			);
			mainGroup = CCE44A471CA2CFCA001D9389;
			productRefGroup = CCE44A511CA2CFCA001D9389 /* Products */;
			projectDirPath = "";
			projectRoot = "";
			targets = (
				CCE44A4F1CA2CFCA001D9389 /* LayingOutaParagraph */,
			);
		};
/* End PBXProject section */

/* Begin PBXResourcesBuildPhase section */
		CCE44A4E1CA2CFCA001D9389 /* Resources */ = {
			isa = PBXResourcesBuildPhase;
			buildActionMask = 2147483647;
			files = (
				CCE44A631CA2CFCB001D9389 /* LaunchScreen.storyboard in Resources */,
				CCE44A601CA2CFCB001D9389 /* Assets.xcassets in Resources */,
				CCE44A5E1CA2CFCB001D9389 /* Main.storyboard in Resources */,
			);
			runOnlyForDeploymentPostprocessing = 0;
		};
/* End PBXResourcesBuildPhase section */

/* Begin PBXSourcesBuildPhase section */
		CCE44A4C1CA2CFCA001D9389 /* Sources */ = {
			isa = PBXSourcesBuildPhase;
			buildActionMask = 2147483647;
			files = (
				CCE44A5B1CA2CFCB001D9389 /* ViewController.m in Sources */,
				CCE44A581CA2CFCB001D9389 /* AppDelegate.m in Sources */,
				CCE44A6C1CA2CFDA001D9389 /* CoreTextView.m in Sources */,
				CCE44A551CA2CFCB001D9389 /* main.m in Sources */,
			);
			runOnlyForDeploymentPostprocessing = 0;
		};
/* End PBXSourcesBuildPhase section */

/* Begin PBXVariantGroup section */
		CCE44A5C1CA2CFCB001D9389 /* Main.storyboard */ = {
			isa = PBXVariantGroup;
			children = (
				CCE44A5D1CA2CFCB001D9389 /* Base */,
			);
			name = Main.storyboard;
			sourceTree = "<group>";
		};
		CCE44A611CA2CFCB001D9389 /* LaunchScreen.storyboard */ = {
			isa = PBXVariantGroup;
			children = (
				CCE44A621CA2CFCB001D9389 /* Base */,
			);
			name = LaunchScreen.storyboard;
			sourceTree = "<group>";
		};
/* End PBXVariantGroup section */

/* Begin XCBuildConfiguration section */
		CCE44A651CA2CFCB001D9389 /* Debug */ = {
			isa = XCBuildConfiguration;
			buildSettings = {
				ALWAYS_SEARCH_USER_PATHS = NO;
				CLANG_CXX_LANGUAGE_STANDARD = "gnu++0x";
				CLANG_CXX_LIBRARY = "libc++";
				CLANG_ENABLE_MODULES = YES;
				CLANG_ENABLE_OBJC_ARC = YES;
				CLANG_WARN_BOOL_CONVERSION = YES;
				CLANG_WARN_CONSTANT_CONVERSION = YES;
				CLANG_WARN_DIRECT_OBJC_ISA_USAGE = YES_ERROR;
				CLANG_WARN_EMPTY_BODY = YES;
				CLANG_WARN_ENUM_CONVERSION = YES;
				CLANG_WARN_INT_CONVERSION = YES;
				CLANG_WARN_OBJC_ROOT_CLASS = YES_ERROR;
				CLANG_WARN_UNREACHABLE_CODE = YES;
				CLANG_WARN__DUPLICATE_METHOD_MATCH = YES;
				"CODE_SIGN_IDENTITY[sdk=iphoneos*]" = "iPhone Developer";
				COPY_PHASE_STRIP = NO;
				DEBUG_INFORMATION_FORMAT = dwarf;
				ENABLE_STRICT_OBJC_MSGSEND = YES;
				ENABLE_TESTABILITY = YES;
				GCC_C_LANGUAGE_STANDARD = gnu99;
				GCC_DYNAMIC_NO_PIC = NO;
				GCC_NO_COMMON_BLOCKS = YES;
				GCC_OPTIMIZATION_LEVEL = 0;
				GCC_PREPROCESSOR_DEFINITIONS = (
					"DEBUG=1",
					"$(inherited)",
				);
				GCC_WARN_64_TO_32_BIT_CONVERSION = YES;
				GCC_WARN_ABOUT_RETURN_TYPE = YES_ERROR;
				GCC_WARN_UNDECLARED_SELECTOR = YES;
				GCC_WARN_UNINITIALIZED_AUTOS = YES_AGGRESSIVE;
				GCC_WARN_UNUSED_FUNCTION = YES;
				GCC_WARN_UNUSED_VARIABLE = YES;
				IPHONEOS_DEPLOYMENT_TARGET = 9.2;
				MTL_ENABLE_DEBUG_INFO = YES;
				ONLY_ACTIVE_ARCH = YES;
				SDKROOT = iphoneos;
				TARGETED_DEVICE_FAMILY = "1,2";
			};
			name = Debug;
		};
		CCE44A661CA2CFCB001D9389 /* Release */ = {
			isa = XCBuildConfiguration;
			buildSettings = {
				ALWAYS_SEARCH_USER_PATHS = NO;
				CLANG_CXX_LANGUAGE_STANDARD = "gnu++0x";
				CLANG_CXX_LIBRARY = "libc++";
				CLANG_ENABLE_MODULES = YES;
				CLANG_ENABLE_OBJC_ARC = YES;
				CLANG_WARN_BOOL_CONVERSION = YES;
				CLANG_WARN_CONSTANT_CONVERSION = YES;
				CLANG_WARN_DIRECT_OBJC_ISA_USAGE = YES_ERROR;
				CLANG_WARN_EMPTY_BODY = YES;
				CLANG_WARN_ENUM_CONVERSION = YES;
				CLANG_WARN_INT_CONVERSION = YES;
				CLANG_WARN_OBJC_ROOT_CLASS = YES_ERROR;
				CLANG_WARN_UNREACHABLE_CODE = YES;
				CLANG_WARN__DUPLICATE_METHOD_MATCH = YES;
				"CODE_SIGN_IDENTITY[sdk=iphoneos*]" = "iPhone Developer";
				COPY_PHASE_STRIP = NO;
				DEBUG_INFORMATION_FORMAT = "dwarf-with-dsym";
				ENABLE_NS_ASSERTIONS = NO;
				ENABLE_STRICT_OBJC_MSGSEND = YES;
				GCC_C_LANGUAGE_STANDARD = gnu99;
				GCC_NO_COMMON_BLOCKS = YES;
				GCC_WARN_64_TO_32_BIT_CONVERSION = YES;
				GCC_WARN_ABOUT_RETURN_TYPE = YES_ERROR;
				GCC_WARN_UNDECLARED_SELECTOR = YES;
				GCC_WARN_UNINITIALIZED_AUTOS = YES_AGGRESSIVE;
				GCC_WARN_UNUSED_FUNCTION = YES;
				GCC_WARN_UNUSED_VARIABLE = YES;
				IPHONEOS_DEPLOYMENT_TARGET = 9.2;
				MTL_ENABLE_DEBUG_INFO = NO;
				SDKROOT = iphoneos;
				TARGETED_DEVICE_FAMILY = "1,2";
				VALIDATE_PRODUCT = YES;
			};
			name = Release;
		};
		CCE44A681CA2CFCB001D9389 /* Debug */ = {
			isa = XCBuildConfiguration;
			buildSettings = {
				ASSETCATALOG_COMPILER_APPICON_NAME = AppIcon;
				INFOPLIST_FILE = LayingOutaParagraph/Info.plist;
				LD_RUNPATH_SEARCH_PATHS = "$(inherited) @executable_path/Frameworks";
				PRODUCT_BUNDLE_IDENTIFIER = com.ymj.LayingOutaParagraph;
				PRODUCT_NAME = "$(TARGET_NAME)";
			};
			name = Debug;
		};
		CCE44A691CA2CFCB001D9389 /* Release */ = {
			isa = XCBuildConfiguration;
			buildSettings = {
				ASSETCATALOG_COMPILER_APPICON_NAME = AppIcon;
				INFOPLIST_FILE = LayingOutaParagraph/Info.plist;
				LD_RUNPATH_SEARCH_PATHS = "$(inherited) @executable_path/Frameworks";
				PRODUCT_BUNDLE_IDENTIFIER = com.ymj.LayingOutaParagraph;
				PRODUCT_NAME = "$(TARGET_NAME)";
			};
			name = Release;
		};
/* End XCBuildConfiguration section */

/* Begin XCConfigurationList section */
		CCE44A4B1CA2CFCA001D9389 /* Build configuration list for PBXProject "LayingOutaParagraph" */ = {
			isa = XCConfigurationList;
			buildConfigurations = (
				CCE44A651CA2CFCB001D9389 /* Debug */,
				CCE44A661CA2CFCB001D9389 /* Release */,
			);
			defaultConfigurationIsVisible = 0;
			defaultConfigurationName = Release;
		};
		CCE44A671CA2CFCB001D9389 /* Build configuration list for PBXNativeTarget "LayingOutaParagraph" */ = {
			isa = XCConfigurationList;
			buildConfigurations = (
				CCE44A681CA2CFCB001D9389 /* Debug */,
				CCE44A691CA2CFCB001D9389 /* Release */,
			);
			defaultConfigurationIsVisible = 0;
		};
/* End XCConfigurationList section */
	};
	rootObject = CCE44A481CA2CFCA001D9389 /* Project object */;
}
